
Microsoft Visual Studio Solution File, Format Version 12.00
# Visual Studio 2013
VisualStudioVersion = 12.0.30501.0
MinimumVisualStudioVersion = 10.0.40219.1
Project("{070BCB52-5A75-4F8C-A973-144AF0EAFCC9}") = "DDDBrisbaneLive", "DDDBrisbaneLive\DDDBrisbaneLive.iceproj", "{0FD17DE7-D87B-4A49-A21D-612FD34A9E2D}"
EndProject
Global
	GlobalSection(SolutionConfigurationPlatforms) = preSolution
		Debug|Any CPU = Debug|Any CPU
		Release|Any CPU = Release|Any CPU
	EndGlobalSection
	GlobalSection(ProjectConfigurationPlatforms) = postSolution
		{0FD17DE7-D87B-4A49-A21D-612FD34A9E2D}.Debug|Any CPU.ActiveCfg = Debug|Any CPU
		{0FD17DE7-D87B-4A49-A21D-612FD34A9E2D}.Debug|Any CPU.Build.0 = Debug|Any CPU
		{0FD17DE7-D87B-4A49-A21D-612FD34A9E2D}.Release|Any CPU.ActiveCfg = Release|Any CPU
		{0FD17DE7-D87B-4A49-A21D-612FD34A9E2D}.Release|Any CPU.Build.0 = Release|Any CPU
	EndGlobalSection
	GlobalSection(SolutionProperties) = preSolution
		HideSolutionNode = FALSE
	EndGlobalSection
EndGlobal
